
Microsoft Visual Studio Solution File, Format Version 12.00
# Visual Studio Version 17
VisualStudioVersion = 17.13.35806.99
MinimumVisualStudioVersion = 10.0.40219.1
Project("{2150E333-8FDC-42A3-9474-1A3956D46DE8}") = "Solution Items", "Solution Items", "{8EC462FD-D22E-90A8-E5CE-7E832BA40C5D}"
	ProjectSection(SolutionItems) = preProject
		.editorconfig = .editorconfig
		.gitignore = .gitignore
		Directory.Build.props = Directory.Build.props
		Directory.Packages.props = Directory.Packages.props
	EndProjectSection
EndProject
Project("{2150E333-8FDC-42A3-9474-1A3956D46DE8}") = "scheduler", "scheduler", "{02EA681E-C7D8-13C7-8484-4AC65E1B71E8}"
EndProject
Project("{FAE04EC0-301F-11D3-BF4B-00C04F79EFBC}") = "Meets", "src\root\Meets.csproj", "{B56C3C85-14C0-A903-F2BF-484468F43B5C}"
EndProject
Project("{FAE04EC0-301F-11D3-BF4B-00C04F79EFBC}") = "Domain.Tests", "tests\scheduler\domain\Domain.Tests.csproj", "{919EAF25-1230-9956-E8BC-9ABF60A73E2F}"
EndProject
Project("{FAE04EC0-301F-11D3-BF4B-00C04F79EFBC}") = "Domain", "src\scheduler\domain\Domain.csproj", "{C91DA1CD-17FA-F597-B01F-1FB01A0ACF5E}"
EndProject
Project("{2150E333-8FDC-42A3-9474-1A3956D46DE8}") = "common", "common", "{BCD89192-911E-49C5-BFEE-ACABD74A1080}"
EndProject
Project("{FAE04EC0-301F-11D3-BF4B-00C04F79EFBC}") = "Domain", "src\common\domain\Domain.csproj", "{0AFB592E-884D-9E4F-CACD-98F70002AB55}"
EndProject
Project("{FAE04EC0-301F-11D3-BF4B-00C04F79EFBC}") = "Tools", "src\common\tools\Tools.csproj", "{F481C086-5E30-25C2-CF84-816600E6385F}"
EndProject
Project("{FAE04EC0-301F-11D3-BF4B-00C04F79EFBC}") = "Expansions", "src\common\expansions\Expansions.csproj", "{AE469107-FDAB-1BE6-4482-6D317308A6E3}"
EndProject
Project("{FAE04EC0-301F-11D3-BF4B-00C04F79EFBC}") = "Application", "src\scheduler\application\Application.csproj", "{3225558D-36E8-7FBA-700D-29B4E9BD0330}"
EndProject
Project("{FAE04EC0-301F-11D3-BF4B-00C04F79EFBC}") = "Presentation.GraphQL", "src\scheduler\presentation\Presentation.GraphQL.csproj", "{5D3D2022-A5DC-7A6C-24A9-C931B09AF14B}"
EndProject
Project("{FAE04EC0-301F-11D3-BF4B-00C04F79EFBC}") = "Infrastructure", "src\common\infrastructure\Infrastructure.csproj", "{8543814F-6A65-4AF5-96FC-EF23B54F594F}"
EndProject
Project("{FAE04EC0-301F-11D3-BF4B-00C04F79EFBC}") = "Application", "src\common\application\Application.csproj", "{F6C7C620-52B5-B882-7B45-F3619437E9F9}"
EndProject
Project("{FAE04EC0-301F-11D3-BF4B-00C04F79EFBC}") = "Presentation.Graphql", "src\common\presentation.graphql\Presentation.Graphql.csproj", "{6EF21A2D-EBBC-7749-8090-BCBD88EA1D40}"
EndProject
Project("{FAE04EC0-301F-11D3-BF4B-00C04F79EFBC}") = "Persistence.MongoDb", "src\common\persistence.mongodb\Persistence.MongoDb.csproj", "{3D7829D9-BC32-72F1-12C1-12CB64407D16}"
EndProject
Project("{FAE04EC0-301F-11D3-BF4B-00C04F79EFBC}") = "Persistence.MongoDb", "src\scheduler\persistence.mongodb\Persistence.MongoDb.csproj", "{46CABB28-7195-0356-5E4D-ACE73853A800}"
EndProject
Global
	GlobalSection(SolutionConfigurationPlatforms) = preSolution
		Debug|Any CPU = Debug|Any CPU
		Release|Any CPU = Release|Any CPU
	EndGlobalSection
	GlobalSection(ProjectConfigurationPlatforms) = postSolution
		{B56C3C85-14C0-A903-F2BF-484468F43B5C}.Debug|Any CPU.ActiveCfg = Debug|Any CPU
		{B56C3C85-14C0-A903-F2BF-484468F43B5C}.Debug|Any CPU.Build.0 = Debug|Any CPU
		{B56C3C85-14C0-A903-F2BF-484468F43B5C}.Release|Any CPU.ActiveCfg = Release|Any CPU
		{B56C3C85-14C0-A903-F2BF-484468F43B5C}.Release|Any CPU.Build.0 = Release|Any CPU
		{919EAF25-1230-9956-E8BC-9ABF60A73E2F}.Debug|Any CPU.ActiveCfg = Debug|Any CPU
		{919EAF25-1230-9956-E8BC-9ABF60A73E2F}.Debug|Any CPU.Build.0 = Debug|Any CPU
		{919EAF25-1230-9956-E8BC-9ABF60A73E2F}.Release|Any CPU.ActiveCfg = Release|Any CPU
		{919EAF25-1230-9956-E8BC-9ABF60A73E2F}.Release|Any CPU.Build.0 = Release|Any CPU
		{C91DA1CD-17FA-F597-B01F-1FB01A0ACF5E}.Debug|Any CPU.ActiveCfg = Debug|Any CPU
		{C91DA1CD-17FA-F597-B01F-1FB01A0ACF5E}.Debug|Any CPU.Build.0 = Debug|Any CPU
		{C91DA1CD-17FA-F597-B01F-1FB01A0ACF5E}.Release|Any CPU.ActiveCfg = Release|Any CPU
		{C91DA1CD-17FA-F597-B01F-1FB01A0ACF5E}.Release|Any CPU.Build.0 = Release|Any CPU
		{0AFB592E-884D-9E4F-CACD-98F70002AB55}.Debug|Any CPU.ActiveCfg = Debug|Any CPU
		{0AFB592E-884D-9E4F-CACD-98F70002AB55}.Debug|Any CPU.Build.0 = Debug|Any CPU
		{0AFB592E-884D-9E4F-CACD-98F70002AB55}.Release|Any CPU.ActiveCfg = Release|Any CPU
		{0AFB592E-884D-9E4F-CACD-98F70002AB55}.Release|Any CPU.Build.0 = Release|Any CPU
		{F481C086-5E30-25C2-CF84-816600E6385F}.Debug|Any CPU.ActiveCfg = Debug|Any CPU
		{F481C086-5E30-25C2-CF84-816600E6385F}.Debug|Any CPU.Build.0 = Debug|Any CPU
		{F481C086-5E30-25C2-CF84-816600E6385F}.Release|Any CPU.ActiveCfg = Release|Any CPU
		{F481C086-5E30-25C2-CF84-816600E6385F}.Release|Any CPU.Build.0 = Release|Any CPU
		{AE469107-FDAB-1BE6-4482-6D317308A6E3}.Debug|Any CPU.ActiveCfg = Debug|Any CPU
		{AE469107-FDAB-1BE6-4482-6D317308A6E3}.Debug|Any CPU.Build.0 = Debug|Any CPU
		{AE469107-FDAB-1BE6-4482-6D317308A6E3}.Release|Any CPU.ActiveCfg = Release|Any CPU
		{AE469107-FDAB-1BE6-4482-6D317308A6E3}.Release|Any CPU.Build.0 = Release|Any CPU
		{3225558D-36E8-7FBA-700D-29B4E9BD0330}.Debug|Any CPU.ActiveCfg = Debug|Any CPU
		{3225558D-36E8-7FBA-700D-29B4E9BD0330}.Debug|Any CPU.Build.0 = Debug|Any CPU
		{3225558D-36E8-7FBA-700D-29B4E9BD0330}.Release|Any CPU.ActiveCfg = Release|Any CPU
		{3225558D-36E8-7FBA-700D-29B4E9BD0330}.Release|Any CPU.Build.0 = Release|Any CPU
		{5D3D2022-A5DC-7A6C-24A9-C931B09AF14B}.Debug|Any CPU.ActiveCfg = Debug|Any CPU
		{5D3D2022-A5DC-7A6C-24A9-C931B09AF14B}.Debug|Any CPU.Build.0 = Debug|Any CPU
		{5D3D2022-A5DC-7A6C-24A9-C931B09AF14B}.Release|Any CPU.ActiveCfg = Release|Any CPU
		{5D3D2022-A5DC-7A6C-24A9-C931B09AF14B}.Release|Any CPU.Build.0 = Release|Any CPU
		{8543814F-6A65-4AF5-96FC-EF23B54F594F}.Debug|Any CPU.ActiveCfg = Debug|Any CPU
		{8543814F-6A65-4AF5-96FC-EF23B54F594F}.Debug|Any CPU.Build.0 = Debug|Any CPU
		{8543814F-6A65-4AF5-96FC-EF23B54F594F}.Release|Any CPU.ActiveCfg = Release|Any CPU
		{8543814F-6A65-4AF5-96FC-EF23B54F594F}.Release|Any CPU.Build.0 = Release|Any CPU
		{F6C7C620-52B5-B882-7B45-F3619437E9F9}.Debug|Any CPU.ActiveCfg = Debug|Any CPU
		{F6C7C620-52B5-B882-7B45-F3619437E9F9}.Debug|Any CPU.Build.0 = Debug|Any CPU
		{F6C7C620-52B5-B882-7B45-F3619437E9F9}.Release|Any CPU.ActiveCfg = Release|Any CPU
		{F6C7C620-52B5-B882-7B45-F3619437E9F9}.Release|Any CPU.Build.0 = Release|Any CPU
		{6EF21A2D-EBBC-7749-8090-BCBD88EA1D40}.Debug|Any CPU.ActiveCfg = Debug|Any CPU
		{6EF21A2D-EBBC-7749-8090-BCBD88EA1D40}.Debug|Any CPU.Build.0 = Debug|Any CPU
		{6EF21A2D-EBBC-7749-8090-BCBD88EA1D40}.Release|Any CPU.ActiveCfg = Release|Any CPU
		{6EF21A2D-EBBC-7749-8090-BCBD88EA1D40}.Release|Any CPU.Build.0 = Release|Any CPU
		{3D7829D9-BC32-72F1-12C1-12CB64407D16}.Debug|Any CPU.ActiveCfg = Debug|Any CPU
		{3D7829D9-BC32-72F1-12C1-12CB64407D16}.Debug|Any CPU.Build.0 = Debug|Any CPU
		{3D7829D9-BC32-72F1-12C1-12CB64407D16}.Release|Any CPU.ActiveCfg = Release|Any CPU
		{3D7829D9-BC32-72F1-12C1-12CB64407D16}.Release|Any CPU.Build.0 = Release|Any CPU
		{46CABB28-7195-0356-5E4D-ACE73853A800}.Debug|Any CPU.ActiveCfg = Debug|Any CPU
		{46CABB28-7195-0356-5E4D-ACE73853A800}.Debug|Any CPU.Build.0 = Debug|Any CPU
		{46CABB28-7195-0356-5E4D-ACE73853A800}.Release|Any CPU.ActiveCfg = Release|Any CPU
		{46CABB28-7195-0356-5E4D-ACE73853A800}.Release|Any CPU.Build.0 = Release|Any CPU
	EndGlobalSection
	GlobalSection(SolutionProperties) = preSolution
		HideSolutionNode = FALSE
	EndGlobalSection
	GlobalSection(NestedProjects) = preSolution
		{919EAF25-1230-9956-E8BC-9ABF60A73E2F} = {02EA681E-C7D8-13C7-8484-4AC65E1B71E8}
		{C91DA1CD-17FA-F597-B01F-1FB01A0ACF5E} = {02EA681E-C7D8-13C7-8484-4AC65E1B71E8}
		{0AFB592E-884D-9E4F-CACD-98F70002AB55} = {BCD89192-911E-49C5-BFEE-ACABD74A1080}
		{F481C086-5E30-25C2-CF84-816600E6385F} = {BCD89192-911E-49C5-BFEE-ACABD74A1080}
		{AE469107-FDAB-1BE6-4482-6D317308A6E3} = {BCD89192-911E-49C5-BFEE-ACABD74A1080}
		{3225558D-36E8-7FBA-700D-29B4E9BD0330} = {02EA681E-C7D8-13C7-8484-4AC65E1B71E8}
		{5D3D2022-A5DC-7A6C-24A9-C931B09AF14B} = {02EA681E-C7D8-13C7-8484-4AC65E1B71E8}
		{8543814F-6A65-4AF5-96FC-EF23B54F594F} = {BCD89192-911E-49C5-BFEE-ACABD74A1080}
		{F6C7C620-52B5-B882-7B45-F3619437E9F9} = {BCD89192-911E-49C5-BFEE-ACABD74A1080}
		{6EF21A2D-EBBC-7749-8090-BCBD88EA1D40} = {BCD89192-911E-49C5-BFEE-ACABD74A1080}
		{3D7829D9-BC32-72F1-12C1-12CB64407D16} = {BCD89192-911E-49C5-BFEE-ACABD74A1080}
		{46CABB28-7195-0356-5E4D-ACE73853A800} = {02EA681E-C7D8-13C7-8484-4AC65E1B71E8}
	EndGlobalSection
	GlobalSection(ExtensibilityGlobals) = postSolution
		SolutionGuid = {84B57C43-D158-4FA8-AB1C-FFC5E29F9F84}
	EndGlobalSection
EndGlobal
