
Microsoft Visual Studio Solution File, Format Version 12.00
# Visual Studio Version 17
VisualStudioVersion = 17.0.31903.59
MinimumVisualStudioVersion = 10.0.40219.1
Project("{FAE04EC0-301F-11D3-BF4B-00C04F79EFBC}") = "Application", "src\application\Application.csproj", "{5BDAB160-5258-45DA-1CDF-4BFCF367E785}"
EndProject
Project("{2150E333-8FDC-42A3-9474-1A3956D46DE8}") = "Common", "Common", "{02EA681E-C7D8-13C7-8484-4AC65E1B71E8}"
EndProject
Project("{FAE04EC0-301F-11D3-BF4B-00C04F79EFBC}") = "Application", "..\common\src\application\Application.csproj", "{68566A44-248C-AB43-5B72-F696F26F74FB}"
EndProject
Project("{FAE04EC0-301F-11D3-BF4B-00C04F79EFBC}") = "Domain", "..\common\src\domain\Domain.csproj", "{D2ECB5CE-8034-C050-9C2D-C33371746E30}"
EndProject
Project("{FAE04EC0-301F-11D3-BF4B-00C04F79EFBC}") = "Expansions", "..\common\src\expansions\Expansions.csproj", "{2886B372-A736-8458-8A5E-E19CE520233C}"
EndProject
Project("{FAE04EC0-301F-11D3-BF4B-00C04F79EFBC}") = "Infrastructure", "..\common\src\infrastructure\Infrastructure.csproj", "{EDF21A82-26EA-47D3-A684-04E1E2C305C4}"
EndProject
Project("{FAE04EC0-301F-11D3-BF4B-00C04F79EFBC}") = "Presentation.GraphQL", "..\common\src\presentation\graphql\Presentation.GraphQL.csproj", "{13392027-6466-C983-5111-73D1CBB88708}"
EndProject
Project("{FAE04EC0-301F-11D3-BF4B-00C04F79EFBC}") = "Persistence.MongoDb", "..\common\src\persistence\mongodb\Persistence.MongoDb.csproj", "{26C6EA50-B0FA-003A-1FFB-3770DE6EE83D}"
EndProject
Project("{FAE04EC0-301F-11D3-BF4B-00C04F79EFBC}") = "Tools", "..\common\src\tools\Tools.csproj", "{F526DF81-3626-6CA2-C8CA-5D0BC2D12B9F}"
EndProject
Project("{FAE04EC0-301F-11D3-BF4B-00C04F79EFBC}") = "Domain", "src\domain\Domain.csproj", "{87EDA1D2-4B5B-E524-38CE-D0BFCA5F4D6B}"
EndProject
Project("{FAE04EC0-301F-11D3-BF4B-00C04F79EFBC}") = "Persistence.MongoDb", "src\persistence\mongodb\Persistence.MongoDb.csproj", "{2CA5560C-10E2-5BC9-695F-B23456B16B14}"
EndProject
Project("{FAE04EC0-301F-11D3-BF4B-00C04F79EFBC}") = "Presentation.GraphQL", "src\presentation\graphql\Presentation.GraphQL.csproj", "{774FAA64-4A2B-10FC-02AB-5F1491AFF022}"
EndProject
Project("{FAE04EC0-301F-11D3-BF4B-00C04F79EFBC}") = "Root", "src\root\Root.csproj", "{E95B0C6B-8D18-1211-0506-B16288DD97A7}"
EndProject
Project("{FAE04EC0-301F-11D3-BF4B-00C04F79EFBC}") = "Domain.Tests", "tests\domain\Domain.Tests.csproj", "{BBE8878E-D3A9-FA2D-A272-41C17C6A5350}"
EndProject
Global
	GlobalSection(SolutionConfigurationPlatforms) = preSolution
		Debug|Any CPU = Debug|Any CPU
		Debug|x64 = Debug|x64
		Debug|x86 = Debug|x86
		Release|Any CPU = Release|Any CPU
		Release|x64 = Release|x64
		Release|x86 = Release|x86
	EndGlobalSection
	GlobalSection(ProjectConfigurationPlatforms) = postSolution
		{5BDAB160-5258-45DA-1CDF-4BFCF367E785}.Debug|Any CPU.ActiveCfg = Debug|Any CPU
		{5BDAB160-5258-45DA-1CDF-4BFCF367E785}.Debug|Any CPU.Build.0 = Debug|Any CPU
		{5BDAB160-5258-45DA-1CDF-4BFCF367E785}.Debug|x64.ActiveCfg = Debug|Any CPU
		{5BDAB160-5258-45DA-1CDF-4BFCF367E785}.Debug|x64.Build.0 = Debug|Any CPU
		{5BDAB160-5258-45DA-1CDF-4BFCF367E785}.Debug|x86.ActiveCfg = Debug|Any CPU
		{5BDAB160-5258-45DA-1CDF-4BFCF367E785}.Debug|x86.Build.0 = Debug|Any CPU
		{5BDAB160-5258-45DA-1CDF-4BFCF367E785}.Release|Any CPU.ActiveCfg = Release|Any CPU
		{5BDAB160-5258-45DA-1CDF-4BFCF367E785}.Release|Any CPU.Build.0 = Release|Any CPU
		{5BDAB160-5258-45DA-1CDF-4BFCF367E785}.Release|x64.ActiveCfg = Release|Any CPU
		{5BDAB160-5258-45DA-1CDF-4BFCF367E785}.Release|x64.Build.0 = Release|Any CPU
		{5BDAB160-5258-45DA-1CDF-4BFCF367E785}.Release|x86.ActiveCfg = Release|Any CPU
		{5BDAB160-5258-45DA-1CDF-4BFCF367E785}.Release|x86.Build.0 = Release|Any CPU
		{68566A44-248C-AB43-5B72-F696F26F74FB}.Debug|Any CPU.ActiveCfg = Debug|Any CPU
		{68566A44-248C-AB43-5B72-F696F26F74FB}.Debug|Any CPU.Build.0 = Debug|Any CPU
		{68566A44-248C-AB43-5B72-F696F26F74FB}.Debug|x64.ActiveCfg = Debug|Any CPU
		{68566A44-248C-AB43-5B72-F696F26F74FB}.Debug|x64.Build.0 = Debug|Any CPU
		{68566A44-248C-AB43-5B72-F696F26F74FB}.Debug|x86.ActiveCfg = Debug|Any CPU
		{68566A44-248C-AB43-5B72-F696F26F74FB}.Debug|x86.Build.0 = Debug|Any CPU
		{68566A44-248C-AB43-5B72-F696F26F74FB}.Release|Any CPU.ActiveCfg = Release|Any CPU
		{68566A44-248C-AB43-5B72-F696F26F74FB}.Release|Any CPU.Build.0 = Release|Any CPU
		{68566A44-248C-AB43-5B72-F696F26F74FB}.Release|x64.ActiveCfg = Release|Any CPU
		{68566A44-248C-AB43-5B72-F696F26F74FB}.Release|x64.Build.0 = Release|Any CPU
		{68566A44-248C-AB43-5B72-F696F26F74FB}.Release|x86.ActiveCfg = Release|Any CPU
		{68566A44-248C-AB43-5B72-F696F26F74FB}.Release|x86.Build.0 = Release|Any CPU
		{D2ECB5CE-8034-C050-9C2D-C33371746E30}.Debug|Any CPU.ActiveCfg = Debug|Any CPU
		{D2ECB5CE-8034-C050-9C2D-C33371746E30}.Debug|Any CPU.Build.0 = Debug|Any CPU
		{D2ECB5CE-8034-C050-9C2D-C33371746E30}.Debug|x64.ActiveCfg = Debug|Any CPU
		{D2ECB5CE-8034-C050-9C2D-C33371746E30}.Debug|x64.Build.0 = Debug|Any CPU
		{D2ECB5CE-8034-C050-9C2D-C33371746E30}.Debug|x86.ActiveCfg = Debug|Any CPU
		{D2ECB5CE-8034-C050-9C2D-C33371746E30}.Debug|x86.Build.0 = Debug|Any CPU
		{D2ECB5CE-8034-C050-9C2D-C33371746E30}.Release|Any CPU.ActiveCfg = Release|Any CPU
		{D2ECB5CE-8034-C050-9C2D-C33371746E30}.Release|Any CPU.Build.0 = Release|Any CPU
		{D2ECB5CE-8034-C050-9C2D-C33371746E30}.Release|x64.ActiveCfg = Release|Any CPU
		{D2ECB5CE-8034-C050-9C2D-C33371746E30}.Release|x64.Build.0 = Release|Any CPU
		{D2ECB5CE-8034-C050-9C2D-C33371746E30}.Release|x86.ActiveCfg = Release|Any CPU
		{D2ECB5CE-8034-C050-9C2D-C33371746E30}.Release|x86.Build.0 = Release|Any CPU
		{2886B372-A736-8458-8A5E-E19CE520233C}.Debug|Any CPU.ActiveCfg = Debug|Any CPU
		{2886B372-A736-8458-8A5E-E19CE520233C}.Debug|Any CPU.Build.0 = Debug|Any CPU
		{2886B372-A736-8458-8A5E-E19CE520233C}.Debug|x64.ActiveCfg = Debug|Any CPU
		{2886B372-A736-8458-8A5E-E19CE520233C}.Debug|x64.Build.0 = Debug|Any CPU
		{2886B372-A736-8458-8A5E-E19CE520233C}.Debug|x86.ActiveCfg = Debug|Any CPU
		{2886B372-A736-8458-8A5E-E19CE520233C}.Debug|x86.Build.0 = Debug|Any CPU
		{2886B372-A736-8458-8A5E-E19CE520233C}.Release|Any CPU.ActiveCfg = Release|Any CPU
		{2886B372-A736-8458-8A5E-E19CE520233C}.Release|Any CPU.Build.0 = Release|Any CPU
		{2886B372-A736-8458-8A5E-E19CE520233C}.Release|x64.ActiveCfg = Release|Any CPU
		{2886B372-A736-8458-8A5E-E19CE520233C}.Release|x64.Build.0 = Release|Any CPU
		{2886B372-A736-8458-8A5E-E19CE520233C}.Release|x86.ActiveCfg = Release|Any CPU
		{2886B372-A736-8458-8A5E-E19CE520233C}.Release|x86.Build.0 = Release|Any CPU
		{EDF21A82-26EA-47D3-A684-04E1E2C305C4}.Debug|Any CPU.ActiveCfg = Debug|Any CPU
		{EDF21A82-26EA-47D3-A684-04E1E2C305C4}.Debug|Any CPU.Build.0 = Debug|Any CPU
		{EDF21A82-26EA-47D3-A684-04E1E2C305C4}.Debug|x64.ActiveCfg = Debug|Any CPU
		{EDF21A82-26EA-47D3-A684-04E1E2C305C4}.Debug|x64.Build.0 = Debug|Any CPU
		{EDF21A82-26EA-47D3-A684-04E1E2C305C4}.Debug|x86.ActiveCfg = Debug|Any CPU
		{EDF21A82-26EA-47D3-A684-04E1E2C305C4}.Debug|x86.Build.0 = Debug|Any CPU
		{EDF21A82-26EA-47D3-A684-04E1E2C305C4}.Release|Any CPU.ActiveCfg = Release|Any CPU
		{EDF21A82-26EA-47D3-A684-04E1E2C305C4}.Release|Any CPU.Build.0 = Release|Any CPU
		{EDF21A82-26EA-47D3-A684-04E1E2C305C4}.Release|x64.ActiveCfg = Release|Any CPU
		{EDF21A82-26EA-47D3-A684-04E1E2C305C4}.Release|x64.Build.0 = Release|Any CPU
		{EDF21A82-26EA-47D3-A684-04E1E2C305C4}.Release|x86.ActiveCfg = Release|Any CPU
		{EDF21A82-26EA-47D3-A684-04E1E2C305C4}.Release|x86.Build.0 = Release|Any CPU
		{13392027-6466-C983-5111-73D1CBB88708}.Debug|Any CPU.ActiveCfg = Debug|Any CPU
		{13392027-6466-C983-5111-73D1CBB88708}.Debug|Any CPU.Build.0 = Debug|Any CPU
		{13392027-6466-C983-5111-73D1CBB88708}.Debug|x64.ActiveCfg = Debug|Any CPU
		{13392027-6466-C983-5111-73D1CBB88708}.Debug|x64.Build.0 = Debug|Any CPU
		{13392027-6466-C983-5111-73D1CBB88708}.Debug|x86.ActiveCfg = Debug|Any CPU
		{13392027-6466-C983-5111-73D1CBB88708}.Debug|x86.Build.0 = Debug|Any CPU
		{13392027-6466-C983-5111-73D1CBB88708}.Release|Any CPU.ActiveCfg = Release|Any CPU
		{13392027-6466-C983-5111-73D1CBB88708}.Release|Any CPU.Build.0 = Release|Any CPU
		{13392027-6466-C983-5111-73D1CBB88708}.Release|x64.ActiveCfg = Release|Any CPU
		{13392027-6466-C983-5111-73D1CBB88708}.Release|x64.Build.0 = Release|Any CPU
		{13392027-6466-C983-5111-73D1CBB88708}.Release|x86.ActiveCfg = Release|Any CPU
		{13392027-6466-C983-5111-73D1CBB88708}.Release|x86.Build.0 = Release|Any CPU
		{26C6EA50-B0FA-003A-1FFB-3770DE6EE83D}.Debug|Any CPU.ActiveCfg = Debug|Any CPU
		{26C6EA50-B0FA-003A-1FFB-3770DE6EE83D}.Debug|Any CPU.Build.0 = Debug|Any CPU
		{26C6EA50-B0FA-003A-1FFB-3770DE6EE83D}.Debug|x64.ActiveCfg = Debug|Any CPU
		{26C6EA50-B0FA-003A-1FFB-3770DE6EE83D}.Debug|x64.Build.0 = Debug|Any CPU
		{26C6EA50-B0FA-003A-1FFB-3770DE6EE83D}.Debug|x86.ActiveCfg = Debug|Any CPU
		{26C6EA50-B0FA-003A-1FFB-3770DE6EE83D}.Debug|x86.Build.0 = Debug|Any CPU
		{26C6EA50-B0FA-003A-1FFB-3770DE6EE83D}.Release|Any CPU.ActiveCfg = Release|Any CPU
		{26C6EA50-B0FA-003A-1FFB-3770DE6EE83D}.Release|Any CPU.Build.0 = Release|Any CPU
		{26C6EA50-B0FA-003A-1FFB-3770DE6EE83D}.Release|x64.ActiveCfg = Release|Any CPU
		{26C6EA50-B0FA-003A-1FFB-3770DE6EE83D}.Release|x64.Build.0 = Release|Any CPU
		{26C6EA50-B0FA-003A-1FFB-3770DE6EE83D}.Release|x86.ActiveCfg = Release|Any CPU
		{26C6EA50-B0FA-003A-1FFB-3770DE6EE83D}.Release|x86.Build.0 = Release|Any CPU
		{F526DF81-3626-6CA2-C8CA-5D0BC2D12B9F}.Debug|Any CPU.ActiveCfg = Debug|Any CPU
		{F526DF81-3626-6CA2-C8CA-5D0BC2D12B9F}.Debug|Any CPU.Build.0 = Debug|Any CPU
		{F526DF81-3626-6CA2-C8CA-5D0BC2D12B9F}.Debug|x64.ActiveCfg = Debug|Any CPU
		{F526DF81-3626-6CA2-C8CA-5D0BC2D12B9F}.Debug|x64.Build.0 = Debug|Any CPU
		{F526DF81-3626-6CA2-C8CA-5D0BC2D12B9F}.Debug|x86.ActiveCfg = Debug|Any CPU
		{F526DF81-3626-6CA2-C8CA-5D0BC2D12B9F}.Debug|x86.Build.0 = Debug|Any CPU
		{F526DF81-3626-6CA2-C8CA-5D0BC2D12B9F}.Release|Any CPU.ActiveCfg = Release|Any CPU
		{F526DF81-3626-6CA2-C8CA-5D0BC2D12B9F}.Release|Any CPU.Build.0 = Release|Any CPU
		{F526DF81-3626-6CA2-C8CA-5D0BC2D12B9F}.Release|x64.ActiveCfg = Release|Any CPU
		{F526DF81-3626-6CA2-C8CA-5D0BC2D12B9F}.Release|x64.Build.0 = Release|Any CPU
		{F526DF81-3626-6CA2-C8CA-5D0BC2D12B9F}.Release|x86.ActiveCfg = Release|Any CPU
		{F526DF81-3626-6CA2-C8CA-5D0BC2D12B9F}.Release|x86.Build.0 = Release|Any CPU
		{87EDA1D2-4B5B-E524-38CE-D0BFCA5F4D6B}.Debug|Any CPU.ActiveCfg = Debug|Any CPU
		{87EDA1D2-4B5B-E524-38CE-D0BFCA5F4D6B}.Debug|Any CPU.Build.0 = Debug|Any CPU
		{87EDA1D2-4B5B-E524-38CE-D0BFCA5F4D6B}.Debug|x64.ActiveCfg = Debug|Any CPU
		{87EDA1D2-4B5B-E524-38CE-D0BFCA5F4D6B}.Debug|x64.Build.0 = Debug|Any CPU
		{87EDA1D2-4B5B-E524-38CE-D0BFCA5F4D6B}.Debug|x86.ActiveCfg = Debug|Any CPU
		{87EDA1D2-4B5B-E524-38CE-D0BFCA5F4D6B}.Debug|x86.Build.0 = Debug|Any CPU
		{87EDA1D2-4B5B-E524-38CE-D0BFCA5F4D6B}.Release|Any CPU.ActiveCfg = Release|Any CPU
		{87EDA1D2-4B5B-E524-38CE-D0BFCA5F4D6B}.Release|Any CPU.Build.0 = Release|Any CPU
		{87EDA1D2-4B5B-E524-38CE-D0BFCA5F4D6B}.Release|x64.ActiveCfg = Release|Any CPU
		{87EDA1D2-4B5B-E524-38CE-D0BFCA5F4D6B}.Release|x64.Build.0 = Release|Any CPU
		{87EDA1D2-4B5B-E524-38CE-D0BFCA5F4D6B}.Release|x86.ActiveCfg = Release|Any CPU
		{87EDA1D2-4B5B-E524-38CE-D0BFCA5F4D6B}.Release|x86.Build.0 = Release|Any CPU
		{2CA5560C-10E2-5BC9-695F-B23456B16B14}.Debug|Any CPU.ActiveCfg = Debug|Any CPU
		{2CA5560C-10E2-5BC9-695F-B23456B16B14}.Debug|Any CPU.Build.0 = Debug|Any CPU
		{2CA5560C-10E2-5BC9-695F-B23456B16B14}.Debug|x64.ActiveCfg = Debug|Any CPU
		{2CA5560C-10E2-5BC9-695F-B23456B16B14}.Debug|x64.Build.0 = Debug|Any CPU
		{2CA5560C-10E2-5BC9-695F-B23456B16B14}.Debug|x86.ActiveCfg = Debug|Any CPU
		{2CA5560C-10E2-5BC9-695F-B23456B16B14}.Debug|x86.Build.0 = Debug|Any CPU
		{2CA5560C-10E2-5BC9-695F-B23456B16B14}.Release|Any CPU.ActiveCfg = Release|Any CPU
		{2CA5560C-10E2-5BC9-695F-B23456B16B14}.Release|Any CPU.Build.0 = Release|Any CPU
		{2CA5560C-10E2-5BC9-695F-B23456B16B14}.Release|x64.ActiveCfg = Release|Any CPU
		{2CA5560C-10E2-5BC9-695F-B23456B16B14}.Release|x64.Build.0 = Release|Any CPU
		{2CA5560C-10E2-5BC9-695F-B23456B16B14}.Release|x86.ActiveCfg = Release|Any CPU
		{2CA5560C-10E2-5BC9-695F-B23456B16B14}.Release|x86.Build.0 = Release|Any CPU
		{774FAA64-4A2B-10FC-02AB-5F1491AFF022}.Debug|Any CPU.ActiveCfg = Debug|Any CPU
		{774FAA64-4A2B-10FC-02AB-5F1491AFF022}.Debug|Any CPU.Build.0 = Debug|Any CPU
		{774FAA64-4A2B-10FC-02AB-5F1491AFF022}.Debug|x64.ActiveCfg = Debug|Any CPU
		{774FAA64-4A2B-10FC-02AB-5F1491AFF022}.Debug|x64.Build.0 = Debug|Any CPU
		{774FAA64-4A2B-10FC-02AB-5F1491AFF022}.Debug|x86.ActiveCfg = Debug|Any CPU
		{774FAA64-4A2B-10FC-02AB-5F1491AFF022}.Debug|x86.Build.0 = Debug|Any CPU
		{774FAA64-4A2B-10FC-02AB-5F1491AFF022}.Release|Any CPU.ActiveCfg = Release|Any CPU
		{774FAA64-4A2B-10FC-02AB-5F1491AFF022}.Release|Any CPU.Build.0 = Release|Any CPU
		{774FAA64-4A2B-10FC-02AB-5F1491AFF022}.Release|x64.ActiveCfg = Release|Any CPU
		{774FAA64-4A2B-10FC-02AB-5F1491AFF022}.Release|x64.Build.0 = Release|Any CPU
		{774FAA64-4A2B-10FC-02AB-5F1491AFF022}.Release|x86.ActiveCfg = Release|Any CPU
		{774FAA64-4A2B-10FC-02AB-5F1491AFF022}.Release|x86.Build.0 = Release|Any CPU
		{E95B0C6B-8D18-1211-0506-B16288DD97A7}.Debug|Any CPU.ActiveCfg = Debug|Any CPU
		{E95B0C6B-8D18-1211-0506-B16288DD97A7}.Debug|Any CPU.Build.0 = Debug|Any CPU
		{E95B0C6B-8D18-1211-0506-B16288DD97A7}.Debug|x64.ActiveCfg = Debug|Any CPU
		{E95B0C6B-8D18-1211-0506-B16288DD97A7}.Debug|x64.Build.0 = Debug|Any CPU
		{E95B0C6B-8D18-1211-0506-B16288DD97A7}.Debug|x86.ActiveCfg = Debug|Any CPU
		{E95B0C6B-8D18-1211-0506-B16288DD97A7}.Debug|x86.Build.0 = Debug|Any CPU
		{E95B0C6B-8D18-1211-0506-B16288DD97A7}.Release|Any CPU.ActiveCfg = Release|Any CPU
		{E95B0C6B-8D18-1211-0506-B16288DD97A7}.Release|Any CPU.Build.0 = Release|Any CPU
		{E95B0C6B-8D18-1211-0506-B16288DD97A7}.Release|x64.ActiveCfg = Release|Any CPU
		{E95B0C6B-8D18-1211-0506-B16288DD97A7}.Release|x64.Build.0 = Release|Any CPU
		{E95B0C6B-8D18-1211-0506-B16288DD97A7}.Release|x86.ActiveCfg = Release|Any CPU
		{E95B0C6B-8D18-1211-0506-B16288DD97A7}.Release|x86.Build.0 = Release|Any CPU
		{BBE8878E-D3A9-FA2D-A272-41C17C6A5350}.Debug|Any CPU.ActiveCfg = Debug|Any CPU
		{BBE8878E-D3A9-FA2D-A272-41C17C6A5350}.Debug|Any CPU.Build.0 = Debug|Any CPU
		{BBE8878E-D3A9-FA2D-A272-41C17C6A5350}.Debug|x64.ActiveCfg = Debug|Any CPU
		{BBE8878E-D3A9-FA2D-A272-41C17C6A5350}.Debug|x64.Build.0 = Debug|Any CPU
		{BBE8878E-D3A9-FA2D-A272-41C17C6A5350}.Debug|x86.ActiveCfg = Debug|Any CPU
		{BBE8878E-D3A9-FA2D-A272-41C17C6A5350}.Debug|x86.Build.0 = Debug|Any CPU
		{BBE8878E-D3A9-FA2D-A272-41C17C6A5350}.Release|Any CPU.ActiveCfg = Release|Any CPU
		{BBE8878E-D3A9-FA2D-A272-41C17C6A5350}.Release|Any CPU.Build.0 = Release|Any CPU
		{BBE8878E-D3A9-FA2D-A272-41C17C6A5350}.Release|x64.ActiveCfg = Release|Any CPU
		{BBE8878E-D3A9-FA2D-A272-41C17C6A5350}.Release|x64.Build.0 = Release|Any CPU
		{BBE8878E-D3A9-FA2D-A272-41C17C6A5350}.Release|x86.ActiveCfg = Release|Any CPU
		{BBE8878E-D3A9-FA2D-A272-41C17C6A5350}.Release|x86.Build.0 = Release|Any CPU
	EndGlobalSection
	GlobalSection(SolutionProperties) = preSolution
		HideSolutionNode = FALSE
	EndGlobalSection
	GlobalSection(NestedProjects) = preSolution
		{68566A44-248C-AB43-5B72-F696F26F74FB} = {02EA681E-C7D8-13C7-8484-4AC65E1B71E8}
		{D2ECB5CE-8034-C050-9C2D-C33371746E30} = {02EA681E-C7D8-13C7-8484-4AC65E1B71E8}
		{2886B372-A736-8458-8A5E-E19CE520233C} = {02EA681E-C7D8-13C7-8484-4AC65E1B71E8}
		{EDF21A82-26EA-47D3-A684-04E1E2C305C4} = {02EA681E-C7D8-13C7-8484-4AC65E1B71E8}
		{13392027-6466-C983-5111-73D1CBB88708} = {02EA681E-C7D8-13C7-8484-4AC65E1B71E8}
		{26C6EA50-B0FA-003A-1FFB-3770DE6EE83D} = {02EA681E-C7D8-13C7-8484-4AC65E1B71E8}
		{F526DF81-3626-6CA2-C8CA-5D0BC2D12B9F} = {02EA681E-C7D8-13C7-8484-4AC65E1B71E8}
	EndGlobalSection
EndGlobal
